
Microsoft Visual Studio Solution File, Format Version 12.00
# Visual Studio Version 16
VisualStudioVersion = 16.0.30804.86
MinimumVisualStudioVersion = 10.0.40219.1
Project("{F2A71F9B-5D33-465A-A702-920D77279786}") = "JsTypeValidation", "JsTypeValidation\JsTypeValidation.fsproj", "{71371A80-591A-449F-A368-58599715C423}"
EndProject
Project("{F2A71F9B-5D33-465A-A702-920D77279786}") = "JsTypeValidation.Test", "JsTypeValidation.Test\JsTypeValidation.Test.fsproj", "{FDAFD959-6C97-4CF4-B3E0-520AC2BF6A70}"
EndProject
Global
	GlobalSection(SolutionConfigurationPlatforms) = preSolution
		Debug|Any CPU = Debug|Any CPU
		Release|Any CPU = Release|Any CPU
	EndGlobalSection
	GlobalSection(ProjectConfigurationPlatforms) = postSolution
		{71371A80-591A-449F-A368-58599715C423}.Debug|Any CPU.ActiveCfg = Debug|Any CPU
		{71371A80-591A-449F-A368-58599715C423}.Debug|Any CPU.Build.0 = Debug|Any CPU
		{71371A80-591A-449F-A368-58599715C423}.Release|Any CPU.ActiveCfg = Release|Any CPU
		{71371A80-591A-449F-A368-58599715C423}.Release|Any CPU.Build.0 = Release|Any CPU
		{FDAFD959-6C97-4CF4-B3E0-520AC2BF6A70}.Debug|Any CPU.ActiveCfg = Debug|Any CPU
		{FDAFD959-6C97-4CF4-B3E0-520AC2BF6A70}.Debug|Any CPU.Build.0 = Debug|Any CPU
		{FDAFD959-6C97-4CF4-B3E0-520AC2BF6A70}.Release|Any CPU.ActiveCfg = Release|Any CPU
		{FDAFD959-6C97-4CF4-B3E0-520AC2BF6A70}.Release|Any CPU.Build.0 = Release|Any CPU
	EndGlobalSection
	GlobalSection(SolutionProperties) = preSolution
		HideSolutionNode = FALSE
	EndGlobalSection
	GlobalSection(ExtensibilityGlobals) = postSolution
		SolutionGuid = {77F1CA63-7F19-48E9-8E0C-586CC5324AEB}
	EndGlobalSection
EndGlobal
